
Microsoft Visual Studio Solution File, Format Version 12.00
# Visual Studio Version 17
VisualStudioVersion = 17.13.35806.99 d17.13
MinimumVisualStudioVersion = 10.0.40219.1
Project("{FAE04EC0-301F-11D3-BF4B-00C04F79EFBC}") = "EndPoint.Site", "Task Manager\EndPoint.Site.csproj", "{29198217-A8B2-4899-AD37-36BED5C031BE}"
EndProject
Project("{2150E333-8FDC-42A3-9474-1A3956D46DE8}") = "Src", "Src", "{02EA681E-C7D8-13C7-8484-4AC65E1B71E8}"
EndProject
Project("{2150E333-8FDC-42A3-9474-1A3956D46DE8}") = "Core", "Core", "{483CDAAA-918E-4DA8-A92C-EBBE1C1D1084}"
EndProject
Project("{2150E333-8FDC-42A3-9474-1A3956D46DE8}") = "Common", "Common", "{93526B74-D76A-4E27-A7AD-4791102684E0}"
EndProject
Project("{2150E333-8FDC-42A3-9474-1A3956D46DE8}") = "Infrastructure", "Infrastructure", "{3BA87E44-DF91-484F-8D99-EC8143F52246}"
EndProject
Project("{2150E333-8FDC-42A3-9474-1A3956D46DE8}") = "Presentation", "Presentation", "{E815FC69-6759-4FE1-98AD-42F88126FAFA}"
EndProject
Project("{FAE04EC0-301F-11D3-BF4B-00C04F79EFBC}") = "Task Manager.Infrastructure", "Infrastructure\Task Manager.Infrastructure.csproj", "{BDEFEEAF-B9C1-46BD-9F91-21933D6CFC1E}"
EndProject
Project("{FAE04EC0-301F-11D3-BF4B-00C04F79EFBC}") = "Task Manager.Persistence", "Task Manager.Persistence\Task Manager.Persistence.csproj", "{1ED6259F-ADE5-4D88-A4DB-DFBC9CC2C787}"
EndProject
Project("{FAE04EC0-301F-11D3-BF4B-00C04F79EFBC}") = "Task Manager.Domain", "Task Manager.Domain\Task Manager.Domain.csproj", "{70E09BEB-76AF-40EB-AD60-9B2CA628686C}"
EndProject
Project("{FAE04EC0-301F-11D3-BF4B-00C04F79EFBC}") = "Task Manager.Application", "Task Manager.Application\Task Manager.Application.csproj", "{0B13C9C7-1E30-492A-9A96-8D39048B2D81}"
EndProject
Project("{FAE04EC0-301F-11D3-BF4B-00C04F79EFBC}") = "Task Manager.Common", "Task Manager.Common\Task Manager.Common.csproj", "{023295E3-FA9D-462C-9736-1B5FD9F4BC58}"
EndProject
Global
	GlobalSection(SolutionConfigurationPlatforms) = preSolution
		Debug|Any CPU = Debug|Any CPU
		Release|Any CPU = Release|Any CPU
	EndGlobalSection
	GlobalSection(ProjectConfigurationPlatforms) = postSolution
		{29198217-A8B2-4899-AD37-36BED5C031BE}.Debug|Any CPU.ActiveCfg = Debug|Any CPU
		{29198217-A8B2-4899-AD37-36BED5C031BE}.Debug|Any CPU.Build.0 = Debug|Any CPU
		{29198217-A8B2-4899-AD37-36BED5C031BE}.Release|Any CPU.ActiveCfg = Release|Any CPU
		{29198217-A8B2-4899-AD37-36BED5C031BE}.Release|Any CPU.Build.0 = Release|Any CPU
		{BDEFEEAF-B9C1-46BD-9F91-21933D6CFC1E}.Debug|Any CPU.ActiveCfg = Debug|Any CPU
		{BDEFEEAF-B9C1-46BD-9F91-21933D6CFC1E}.Debug|Any CPU.Build.0 = Debug|Any CPU
		{BDEFEEAF-B9C1-46BD-9F91-21933D6CFC1E}.Release|Any CPU.ActiveCfg = Release|Any CPU
		{BDEFEEAF-B9C1-46BD-9F91-21933D6CFC1E}.Release|Any CPU.Build.0 = Release|Any CPU
		{1ED6259F-ADE5-4D88-A4DB-DFBC9CC2C787}.Debug|Any CPU.ActiveCfg = Debug|Any CPU
		{1ED6259F-ADE5-4D88-A4DB-DFBC9CC2C787}.Debug|Any CPU.Build.0 = Debug|Any CPU
		{1ED6259F-ADE5-4D88-A4DB-DFBC9CC2C787}.Release|Any CPU.ActiveCfg = Release|Any CPU
		{1ED6259F-ADE5-4D88-A4DB-DFBC9CC2C787}.Release|Any CPU.Build.0 = Release|Any CPU
		{70E09BEB-76AF-40EB-AD60-9B2CA628686C}.Debug|Any CPU.ActiveCfg = Debug|Any CPU
		{70E09BEB-76AF-40EB-AD60-9B2CA628686C}.Debug|Any CPU.Build.0 = Debug|Any CPU
		{70E09BEB-76AF-40EB-AD60-9B2CA628686C}.Release|Any CPU.ActiveCfg = Release|Any CPU
		{70E09BEB-76AF-40EB-AD60-9B2CA628686C}.Release|Any CPU.Build.0 = Release|Any CPU
		{0B13C9C7-1E30-492A-9A96-8D39048B2D81}.Debug|Any CPU.ActiveCfg = Debug|Any CPU
		{0B13C9C7-1E30-492A-9A96-8D39048B2D81}.Debug|Any CPU.Build.0 = Debug|Any CPU
		{0B13C9C7-1E30-492A-9A96-8D39048B2D81}.Release|Any CPU.ActiveCfg = Release|Any CPU
		{0B13C9C7-1E30-492A-9A96-8D39048B2D81}.Release|Any CPU.Build.0 = Release|Any CPU
		{023295E3-FA9D-462C-9736-1B5FD9F4BC58}.Debug|Any CPU.ActiveCfg = Debug|Any CPU
		{023295E3-FA9D-462C-9736-1B5FD9F4BC58}.Debug|Any CPU.Build.0 = Debug|Any CPU
		{023295E3-FA9D-462C-9736-1B5FD9F4BC58}.Release|Any CPU.ActiveCfg = Release|Any CPU
		{023295E3-FA9D-462C-9736-1B5FD9F4BC58}.Release|Any CPU.Build.0 = Release|Any CPU
	EndGlobalSection
	GlobalSection(SolutionProperties) = preSolution
		HideSolutionNode = FALSE
	EndGlobalSection
	GlobalSection(NestedProjects) = preSolution
		{29198217-A8B2-4899-AD37-36BED5C031BE} = {E815FC69-6759-4FE1-98AD-42F88126FAFA}
		{483CDAAA-918E-4DA8-A92C-EBBE1C1D1084} = {02EA681E-C7D8-13C7-8484-4AC65E1B71E8}
		{93526B74-D76A-4E27-A7AD-4791102684E0} = {02EA681E-C7D8-13C7-8484-4AC65E1B71E8}
		{3BA87E44-DF91-484F-8D99-EC8143F52246} = {02EA681E-C7D8-13C7-8484-4AC65E1B71E8}
		{E815FC69-6759-4FE1-98AD-42F88126FAFA} = {02EA681E-C7D8-13C7-8484-4AC65E1B71E8}
		{BDEFEEAF-B9C1-46BD-9F91-21933D6CFC1E} = {3BA87E44-DF91-484F-8D99-EC8143F52246}
		{1ED6259F-ADE5-4D88-A4DB-DFBC9CC2C787} = {3BA87E44-DF91-484F-8D99-EC8143F52246}
		{70E09BEB-76AF-40EB-AD60-9B2CA628686C} = {483CDAAA-918E-4DA8-A92C-EBBE1C1D1084}
		{0B13C9C7-1E30-492A-9A96-8D39048B2D81} = {483CDAAA-918E-4DA8-A92C-EBBE1C1D1084}
		{023295E3-FA9D-462C-9736-1B5FD9F4BC58} = {93526B74-D76A-4E27-A7AD-4791102684E0}
	EndGlobalSection
	GlobalSection(ExtensibilityGlobals) = postSolution
		SolutionGuid = {5F621C29-0B8F-4178-BBC4-D5AFB321E7F9}
	EndGlobalSection
EndGlobal
